// !$*UTF8*$!
{
	archiveVersion = 1;
	classes = {
	};
	objectVersion = 46;
	objects = {

/* Begin PBXBuildFile section */
		23A2E94B1825CA3D003275D4 /* Foundation.framework in Frameworks */ = {isa = PBXBuildFile; fileRef = 23A2E94A1825CA3D003275D4 /* Foundation.framework */; };
		23A2E94D1825CA3D003275D4 /* CoreGraphics.framework in Frameworks */ = {isa = PBXBuildFile; fileRef = 23A2E94C1825CA3D003275D4 /* CoreGraphics.framework */; };
		23A2E94F1825CA3D003275D4 /* UIKit.framework in Frameworks */ = {isa = PBXBuildFile; fileRef = 23A2E94E1825CA3D003275D4 /* UIKit.framework */; };
		23A2E9551825CA3D003275D4 /* InfoPlist.strings in Resources */ = {isa = PBXBuildFile; fileRef = 23A2E9531825CA3D003275D4 /* InfoPlist.strings */; };
		23A2E9571825CA3D003275D4 /* main.m in Sources */ = {isa = PBXBuildFile; fileRef = 23A2E9561825CA3D003275D4 /* main.m */; };
		23A2E95B1825CA3D003275D4 /* CLTAppDelegate.m in Sources */ = {isa = PBXBuildFile; fileRef = 23A2E95A1825CA3D003275D4 /* CLTAppDelegate.m */; };
		23A2E95D1825CA3D003275D4 /* Images.xcassets in Resources */ = {isa = PBXBuildFile; fileRef = 23A2E95C1825CA3D003275D4 /* Images.xcassets */; };
		23A2E9641825CA3D003275D4 /* XCTest.framework in Frameworks */ = {isa = PBXBuildFile; fileRef = 23A2E9631825CA3D003275D4 /* XCTest.framework */; };
		23A2E9651825CA3D003275D4 /* Foundation.framework in Frameworks */ = {isa = PBXBuildFile; fileRef = 23A2E94A1825CA3D003275D4 /* Foundation.framework */; };
		23A2E9661825CA3D003275D4 /* UIKit.framework in Frameworks */ = {isa = PBXBuildFile; fileRef = 23A2E94E1825CA3D003275D4 /* UIKit.framework */; };
		23A2E96E1825CA3D003275D4 /* InfoPlist.strings in Resources */ = {isa = PBXBuildFile; fileRef = 23A2E96C1825CA3D003275D4 /* InfoPlist.strings */; };
		23A2E9701825CA3D003275D4 /* WedmailTests.m in Sources */ = {isa = PBXBuildFile; fileRef = 23A2E96F1825CA3D003275D4 /* WedmailTests.m */; };
/* End PBXBuildFile section */

/* Begin PBXContainerItemProxy section */
		23A2E9671825CA3D003275D4 /* PBXContainerItemProxy */ = {
			isa = PBXContainerItemProxy;
			containerPortal = 23A2E93F1825CA3D003275D4 /* Project object */;
			proxyType = 1;
			remoteGlobalIDString = 23A2E9461825CA3D003275D4;
			remoteInfo = Wedmail;
		};
/* End PBXContainerItemProxy section */

/* Begin PBXFileReference section */
		23A2E9471825CA3D003275D4 /* Wedmail.app */ = {isa = PBXFileReference; explicitFileType = wrapper.application; includeInIndex = 0; path = Wedmail.app; sourceTree = BUILT_PRODUCTS_DIR; };
		23A2E94A1825CA3D003275D4 /* Foundation.framework */ = {isa = PBXFileReference; lastKnownFileType = wrapper.framework; name = Foundation.framework; path = System/Library/Frameworks/Foundation.framework; sourceTree = SDKROOT; };
		23A2E94C1825CA3D003275D4 /* CoreGraphics.framework */ = {isa = PBXFileReference; lastKnownFileType = wrapper.framework; name = CoreGraphics.framework; path = System/Library/Frameworks/CoreGraphics.framework; sourceTree = SDKROOT; };
		23A2E94E1825CA3D003275D4 /* UIKit.framework */ = {isa = PBXFileReference; lastKnownFileType = wrapper.framework; name = UIKit.framework; path = System/Library/Frameworks/UIKit.framework; sourceTree = SDKROOT; };
		23A2E9521825CA3D003275D4 /* Wedmail-Info.plist */ = {isa = PBXFileReference; lastKnownFileType = text.plist.xml; path = "Wedmail-Info.plist"; sourceTree = "<group>"; };
		23A2E9541825CA3D003275D4 /* en */ = {isa = PBXFileReference; lastKnownFileType = text.plist.strings; name = en; path = en.lproj/InfoPlist.strings; sourceTree = "<group>"; };
		23A2E9561825CA3D003275D4 /* main.m */ = {isa = PBXFileReference; lastKnownFileType = sourcecode.c.objc; path = main.m; sourceTree = "<group>"; };
		23A2E9581825CA3D003275D4 /* Wedmail-Prefix.pch */ = {isa = PBXFileReference; lastKnownFileType = sourcecode.c.h; path = "Wedmail-Prefix.pch"; sourceTree = "<group>"; };
		23A2E9591825CA3D003275D4 /* CLTAppDelegate.h */ = {isa = PBXFileReference; lastKnownFileType = sourcecode.c.h; path = CLTAppDelegate.h; sourceTree = "<group>"; };
		23A2E95A1825CA3D003275D4 /* CLTAppDelegate.m */ = {isa = PBXFileReference; lastKnownFileType = sourcecode.c.objc; path = CLTAppDelegate.m; sourceTree = "<group>"; };
		23A2E95C1825CA3D003275D4 /* Images.xcassets */ = {isa = PBXFileReference; lastKnownFileType = folder.assetcatalog; path = Images.xcassets; sourceTree = "<group>"; };
		23A2E9621825CA3D003275D4 /* WedmailTests.xctest */ = {isa = PBXFileReference; explicitFileType = wrapper.cfbundle; includeInIndex = 0; path = WedmailTests.xctest; sourceTree = BUILT_PRODUCTS_DIR; };
		23A2E9631825CA3D003275D4 /* XCTest.framework */ = {isa = PBXFileReference; lastKnownFileType = wrapper.framework; name = XCTest.framework; path = Library/Frameworks/XCTest.framework; sourceTree = DEVELOPER_DIR; };
		23A2E96B1825CA3D003275D4 /* WedmailTests-Info.plist */ = {isa = PBXFileReference; lastKnownFileType = text.plist.xml; path = "WedmailTests-Info.plist"; sourceTree = "<group>"; };
		23A2E96D1825CA3D003275D4 /* en */ = {isa = PBXFileReference; lastKnownFileType = text.plist.strings; name = en; path = en.lproj/InfoPlist.strings; sourceTree = "<group>"; };
		23A2E96F1825CA3D003275D4 /* WedmailTests.m */ = {isa = PBXFileReference; lastKnownFileType = sourcecode.c.objc; path = WedmailTests.m; sourceTree = "<group>"; };
/* End PBXFileReference section */

/* Begin PBXFrameworksBuildPhase section */
		23A2E9441825CA3D003275D4 /* Frameworks */ = {
			isa = PBXFrameworksBuildPhase;
			buildActionMask = 2147483647;
			files = (
				23A2E94D1825CA3D003275D4 /* CoreGraphics.framework in Frameworks */,
				23A2E94F1825CA3D003275D4 /* UIKit.framework in Frameworks */,
				23A2E94B1825CA3D003275D4 /* Foundation.framework in Frameworks */,
			);
			runOnlyForDeploymentPostprocessing = 0;
		};
		23A2E95F1825CA3D003275D4 /* Frameworks */ = {
			isa = PBXFrameworksBuildPhase;
			buildActionMask = 2147483647;
			files = (
				23A2E9641825CA3D003275D4 /* XCTest.framework in Frameworks */,
				23A2E9661825CA3D003275D4 /* UIKit.framework in Frameworks */,
				23A2E9651825CA3D003275D4 /* Foundation.framework in Frameworks */,
			);
			runOnlyForDeploymentPostprocessing = 0;
		};
/* End PBXFrameworksBuildPhase section */

/* Begin PBXGroup section */
		23A2E93E1825CA3D003275D4 = {
			isa = PBXGroup;
			children = (
				23A2E9501825CA3D003275D4 /* Wedmail */,
				23A2E9691825CA3D003275D4 /* WedmailTests */,
				23A2E9491825CA3D003275D4 /* Frameworks */,
				23A2E9481825CA3D003275D4 /* Products */,
			);
			sourceTree = "<group>";
		};
		23A2E9481825CA3D003275D4 /* Products */ = {
			isa = PBXGroup;
			children = (
				23A2E9471825CA3D003275D4 /* Wedmail.app */,
				23A2E9621825CA3D003275D4 /* WedmailTests.xctest */,
			);
			name = Products;
			sourceTree = "<group>";
		};
		23A2E9491825CA3D003275D4 /* Frameworks */ = {
			isa = PBXGroup;
			children = (
				23A2E94A1825CA3D003275D4 /* Foundation.framework */,
				23A2E94C1825CA3D003275D4 /* CoreGraphics.framework */,
				23A2E94E1825CA3D003275D4 /* UIKit.framework */,
				23A2E9631825CA3D003275D4 /* XCTest.framework */,
			);
			name = Frameworks;
			sourceTree = "<group>";
		};
		23A2E9501825CA3D003275D4 /* Wedmail */ = {
			isa = PBXGroup;
			children = (
				23A2E9591825CA3D003275D4 /* CLTAppDelegate.h */,
				23A2E95A1825CA3D003275D4 /* CLTAppDelegate.m */,
				23A2E95C1825CA3D003275D4 /* Images.xcassets */,
				23A2E9511825CA3D003275D4 /* Supporting Files */,
			);
			path = Wedmail;
			sourceTree = "<group>";
		};
		23A2E9511825CA3D003275D4 /* Supporting Files */ = {
			isa = PBXGroup;
			children = (
				23A2E9521825CA3D003275D4 /* Wedmail-Info.plist */,
				23A2E9531825CA3D003275D4 /* InfoPlist.strings */,
				23A2E9561825CA3D003275D4 /* main.m */,
				23A2E9581825CA3D003275D4 /* Wedmail-Prefix.pch */,
			);
			name = "Supporting Files";
			sourceTree = "<group>";
		};
		23A2E9691825CA3D003275D4 /* WedmailTests */ = {
			isa = PBXGroup;
			children = (
				23A2E96F1825CA3D003275D4 /* WedmailTests.m */,
				23A2E96A1825CA3D003275D4 /* Supporting Files */,
			);
			path = WedmailTests;
			sourceTree = "<group>";
		};
		23A2E96A1825CA3D003275D4 /* Supporting Files */ = {
			isa = PBXGroup;
			children = (
				23A2E96B1825CA3D003275D4 /* WedmailTests-Info.plist */,
				23A2E96C1825CA3D003275D4 /* InfoPlist.strings */,
			);
			name = "Supporting Files";
			sourceTree = "<group>";
		};
/* End PBXGroup section */

/* Begin PBXNativeTarget section */
		23A2E9461825CA3D003275D4 /* Wedmail */ = {
			isa = PBXNativeTarget;
			buildConfigurationList = 23A2E9731825CA3D003275D4 /* Build configuration list for PBXNativeTarget "Wedmail" */;
			buildPhases = (
				23A2E9431825CA3D003275D4 /* Sources */,
				23A2E9441825CA3D003275D4 /* Frameworks */,
				23A2E9451825CA3D003275D4 /* Resources */,
			);
			buildRules = (
			);
			dependencies = (
			);
			name = Wedmail;
			productName = Wedmail;
			productReference = 23A2E9471825CA3D003275D4 /* Wedmail.app */;
			productType = "com.apple.product-type.application";
		};
		23A2E9611825CA3D003275D4 /* WedmailTests */ = {
			isa = PBXNativeTarget;
			buildConfigurationList = 23A2E9761825CA3D003275D4 /* Build configuration list for PBXNativeTarget "WedmailTests" */;
			buildPhases = (
				23A2E95E1825CA3D003275D4 /* Sources */,
				23A2E95F1825CA3D003275D4 /* Frameworks */,
				23A2E9601825CA3D003275D4 /* Resources */,
			);
			buildRules = (
			);
			dependencies = (
				23A2E9681825CA3D003275D4 /* PBXTargetDependency */,
			);
			name = WedmailTests;
			productName = WedmailTests;
			productReference = 23A2E9621825CA3D003275D4 /* WedmailTests.xctest */;
			productType = "com.apple.product-type.bundle.unit-test";
		};
/* End PBXNativeTarget section */

/* Begin PBXProject section */
		23A2E93F1825CA3D003275D4 /* Project object */ = {
			isa = PBXProject;
			attributes = {
				CLASSPREFIX = CLT;
				LastUpgradeCheck = 0500;
				ORGANIZATIONNAME = truman;
				TargetAttributes = {
					23A2E9611825CA3D003275D4 = {
						TestTargetID = 23A2E9461825CA3D003275D4;
					};
				};
			};
			buildConfigurationList = 23A2E9421825CA3D003275D4 /* Build configuration list for PBXProject "Wedmail" */;
			compatibilityVersion = "Xcode 3.2";
			developmentRegion = English;
			hasScannedForEncodings = 0;
			knownRegions = (
				en,
			);
			mainGroup = 23A2E93E1825CA3D003275D4;
			productRefGroup = 23A2E9481825CA3D003275D4 /* Products */;
			projectDirPath = "";
			projectRoot = "";
			targets = (
				23A2E9461825CA3D003275D4 /* Wedmail */,
				23A2E9611825CA3D003275D4 /* WedmailTests */,
			);
		};
/* End PBXProject section */

/* Begin PBXResourcesBuildPhase section */
		23A2E9451825CA3D003275D4 /* Resources */ = {
			isa = PBXResourcesBuildPhase;
			buildActionMask = 2147483647;
			files = (
				23A2E9551825CA3D003275D4 /* InfoPlist.strings in Resources */,
				23A2E95D1825CA3D003275D4 /* Images.xcassets in Resources */,
			);
			runOnlyForDeploymentPostprocessing = 0;
		};
		23A2E9601825CA3D003275D4 /* Resources */ = {
			isa = PBXResourcesBuildPhase;
			buildActionMask = 2147483647;
			files = (
				23A2E96E1825CA3D003275D4 /* InfoPlist.strings in Resources */,
			);
			runOnlyForDeploymentPostprocessing = 0;
		};
/* End PBXResourcesBuildPhase section */

/* Begin PBXSourcesBuildPhase section */
		23A2E9431825CA3D003275D4 /* Sources */ = {
			isa = PBXSourcesBuildPhase;
			buildActionMask = 2147483647;
			files = (
				23A2E95B1825CA3D003275D4 /* CLTAppDelegate.m in Sources */,
				23A2E9571825CA3D003275D4 /* main.m in Sources */,
			);
			runOnlyForDeploymentPostprocessing = 0;
		};
		23A2E95E1825CA3D003275D4 /* Sources */ = {
			isa = PBXSourcesBuildPhase;
			buildActionMask = 2147483647;
			files = (
				23A2E9701825CA3D003275D4 /* WedmailTests.m in Sources */,
			);
			runOnlyForDeploymentPostprocessing = 0;
		};
/* End PBXSourcesBuildPhase section */

/* Begin PBXTargetDependency section */
		23A2E9681825CA3D003275D4 /* PBXTargetDependency */ = {
			isa = PBXTargetDependency;
			target = 23A2E9461825CA3D003275D4 /* Wedmail */;
			targetProxy = 23A2E9671825CA3D003275D4 /* PBXContainerItemProxy */;
		};
/* End PBXTargetDependency section */

/* Begin PBXVariantGroup section */
		23A2E9531825CA3D003275D4 /* InfoPlist.strings */ = {
			isa = PBXVariantGroup;
			children = (
				23A2E9541825CA3D003275D4 /* en */,
			);
			name = InfoPlist.strings;
			sourceTree = "<group>";
		};
		23A2E96C1825CA3D003275D4 /* InfoPlist.strings */ = {
			isa = PBXVariantGroup;
			children = (
				23A2E96D1825CA3D003275D4 /* en */,
			);
			name = InfoPlist.strings;
			sourceTree = "<group>";
		};
/* End PBXVariantGroup section */

/* Begin XCBuildConfiguration section */
		23A2E9711825CA3D003275D4 /* Debug */ = {
			isa = XCBuildConfiguration;
			buildSettings = {
				ALWAYS_SEARCH_USER_PATHS = NO;
				ARCHS = "$(ARCHS_STANDARD_INCLUDING_64_BIT)";
				CLANG_CXX_LANGUAGE_STANDARD = "gnu++0x";
				CLANG_CXX_LIBRARY = "libc++";
				CLANG_ENABLE_MODULES = YES;
				CLANG_ENABLE_OBJC_ARC = YES;
				CLANG_WARN_BOOL_CONVERSION = YES;
				CLANG_WARN_CONSTANT_CONVERSION = YES;
				CLANG_WARN_DIRECT_OBJC_ISA_USAGE = YES_ERROR;
				CLANG_WARN_EMPTY_BODY = YES;
				CLANG_WARN_ENUM_CONVERSION = YES;
				CLANG_WARN_INT_CONVERSION = YES;
				CLANG_WARN_OBJC_ROOT_CLASS = YES_ERROR;
				CLANG_WARN__DUPLICATE_METHOD_MATCH = YES;
				"CODE_SIGN_IDENTITY[sdk=iphoneos*]" = "iPhone Developer";
				COPY_PHASE_STRIP = NO;
				GCC_C_LANGUAGE_STANDARD = gnu99;
				GCC_DYNAMIC_NO_PIC = NO;
				GCC_OPTIMIZATION_LEVEL = 0;
				GCC_PREPROCESSOR_DEFINITIONS = (
					"DEBUG=1",
					"$(inherited)",
				);
				GCC_SYMBOLS_PRIVATE_EXTERN = NO;
				GCC_WARN_64_TO_32_BIT_CONVERSION = YES;
				GCC_WARN_ABOUT_RETURN_TYPE = YES_ERROR;
				GCC_WARN_UNDECLARED_SELECTOR = YES;
				GCC_WARN_UNINITIALIZED_AUTOS = YES;
				GCC_WARN_UNUSED_FUNCTION = YES;
				GCC_WARN_UNUSED_VARIABLE = YES;
				IPHONEOS_DEPLOYMENT_TARGET = 7.0;
				ONLY_ACTIVE_ARCH = YES;
				SDKROOT = iphoneos;
				TARGETED_DEVICE_FAMILY = 2;
			};
			name = Debug;
		};
		23A2E9721825CA3D003275D4 /* Release */ = {
			isa = XCBuildConfiguration;
			buildSettings = {
				ALWAYS_SEARCH_USER_PATHS = NO;
				ARCHS = "$(ARCHS_STANDARD_INCLUDING_64_BIT)";
				CLANG_CXX_LANGUAGE_STANDARD = "gnu++0x";
				CLANG_CXX_LIBRARY = "libc++";
				CLANG_ENABLE_MODULES = YES;
				CLANG_ENABLE_OBJC_ARC = YES;
				CLANG_WARN_BOOL_CONVERSION = YES;
				CLANG_WARN_CONSTANT_CONVERSION = YES;
				CLANG_WARN_DIRECT_OBJC_ISA_USAGE = YES_ERROR;
				CLANG_WARN_EMPTY_BODY = YES;
				CLANG_WARN_ENUM_CONVERSION = YES;
				CLANG_WARN_INT_CONVERSION = YES;
				CLANG_WARN_OBJC_ROOT_CLASS = YES_ERROR;
				CLANG_WARN__DUPLICATE_METHOD_MATCH = YES;
				"CODE_SIGN_IDENTITY[sdk=iphoneos*]" = "iPhone Developer";
				COPY_PHASE_STRIP = YES;
				ENABLE_NS_ASSERTIONS = NO;
				GCC_C_LANGUAGE_STANDARD = gnu99;
				GCC_WARN_64_TO_32_BIT_CONVERSION = YES;
				GCC_WARN_ABOUT_RETURN_TYPE = YES_ERROR;
				GCC_WARN_UNDECLARED_SELECTOR = YES;
				GCC_WARN_UNINITIALIZED_AUTOS = YES;
				GCC_WARN_UNUSED_FUNCTION = YES;
				GCC_WARN_UNUSED_VARIABLE = YES;
				IPHONEOS_DEPLOYMENT_TARGET = 7.0;
				SDKROOT = iphoneos;
				TARGETED_DEVICE_FAMILY = 2;
				VALIDATE_PRODUCT = YES;
			};
			name = Release;
		};
		23A2E9741825CA3D003275D4 /* Debug */ = {
			isa = XCBuildConfiguration;
			buildSettings = {
				ASSETCATALOG_COMPILER_APPICON_NAME = AppIcon;
				ASSETCATALOG_COMPILER_LAUNCHIMAGE_NAME = LaunchImage;
				GCC_PRECOMPILE_PREFIX_HEADER = YES;
				GCC_PREFIX_HEADER = "Wedmail/Wedmail-Prefix.pch";
				INFOPLIST_FILE = "Wedmail/Wedmail-Info.plist";
				PRODUCT_NAME = "$(TARGET_NAME)";
				WRAPPER_EXTENSION = app;
			};
			name = Debug;
		};
		23A2E9751825CA3D003275D4 /* Release */ = {
			isa = XCBuildConfiguration;
			buildSettings = {
				ASSETCATALOG_COMPILER_APPICON_NAME = AppIcon;
				ASSETCATALOG_COMPILER_LAUNCHIMAGE_NAME = LaunchImage;
				GCC_PRECOMPILE_PREFIX_HEADER = YES;
				GCC_PREFIX_HEADER = "Wedmail/Wedmail-Prefix.pch";
				INFOPLIST_FILE = "Wedmail/Wedmail-Info.plist";
				PRODUCT_NAME = "$(TARGET_NAME)";
				WRAPPER_EXTENSION = app;
			};
			name = Release;
		};
		23A2E9771825CA3D003275D4 /* Debug */ = {
			isa = XCBuildConfiguration;
			buildSettings = {
				ARCHS = "$(ARCHS_STANDARD_INCLUDING_64_BIT)";
				BUNDLE_LOADER = "$(BUILT_PRODUCTS_DIR)/Wedmail.app/Wedmail";
				FRAMEWORK_SEARCH_PATHS = (
					"$(SDKROOT)/Developer/Library/Frameworks",
					"$(inherited)",
					"$(DEVELOPER_FRAMEWORKS_DIR)",
				);
				GCC_PRECOMPILE_PREFIX_HEADER = YES;
				GCC_PREFIX_HEADER = "Wedmail/Wedmail-Prefix.pch";
				GCC_PREPROCESSOR_DEFINITIONS = (
					"DEBUG=1",
					"$(inherited)",
				);
				INFOPLIST_FILE = "WedmailTests/WedmailTests-Info.plist";
				PRODUCT_NAME = "$(TARGET_NAME)";
				TEST_HOST = "$(BUNDLE_LOADER)";
				WRAPPER_EXTENSION = xctest;
			};
			name = Debug;
		};
		23A2E9781825CA3D003275D4 /* Release */ = {
			isa = XCBuildConfiguration;
			buildSettings = {
				ARCHS = "$(ARCHS_STANDARD_INCLUDING_64_BIT)";
				BUNDLE_LOADER = "$(BUILT_PRODUCTS_DIR)/Wedmail.app/Wedmail";
				FRAMEWORK_SEARCH_PATHS = (
					"$(SDKROOT)/Developer/Library/Frameworks",
					"$(inherited)",
					"$(DEVELOPER_FRAMEWORKS_DIR)",
				);
				GCC_PRECOMPILE_PREFIX_HEADER = YES;
				GCC_PREFIX_HEADER = "Wedmail/Wedmail-Prefix.pch";
				INFOPLIST_FILE = "WedmailTests/WedmailTests-Info.plist";
				PRODUCT_NAME = "$(TARGET_NAME)";
				TEST_HOST = "$(BUNDLE_LOADER)";
				WRAPPER_EXTENSION = xctest;
			};
			name = Release;
		};
/* End XCBuildConfiguration section */

/* Begin XCConfigurationList section */
		23A2E9421825CA3D003275D4 /* Build configuration list for PBXProject "Wedmail" */ = {
			isa = XCConfigurationList;
			buildConfigurations = (
				23A2E9711825CA3D003275D4 /* Debug */,
				23A2E9721825CA3D003275D4 /* Release */,
			);
			defaultConfigurationIsVisible = 0;
			defaultConfigurationName = Release;
		};
		23A2E9731825CA3D003275D4 /* Build configuration list for PBXNativeTarget "Wedmail" */ = {
			isa = XCConfigurationList;
			buildConfigurations = (
				23A2E9741825CA3D003275D4 /* Debug */,
				23A2E9751825CA3D003275D4 /* Release */,
			);
			defaultConfigurationIsVisible = 0;
		};
		23A2E9761825CA3D003275D4 /* Build configuration list for PBXNativeTarget "WedmailTests" */ = {
			isa = XCConfigurationList;
			buildConfigurations = (
				23A2E9771825CA3D003275D4 /* Debug */,
				23A2E9781825CA3D003275D4 /* Release */,
			);
			defaultConfigurationIsVisible = 0;
		};
/* End XCConfigurationList section */
	};
	rootObject = 23A2E93F1825CA3D003275D4 /* Project object */;
}
