// !$*UTF8*$!
{
	archiveVersion = 1;
	classes = {
	};
	objectVersion = 46;
	objects = {

/* Begin PBXBuildFile section */
		2384DEA7183B1CD8002F6AF3 /* Images-2.xcassets in Resources */ = {isa = PBXBuildFile; fileRef = 2384DEA6183B1CD8002F6AF3 /* Images-2.xcassets */; };
		2384DEA9183B2609002F6AF3 /* intro_text@2x.png in Resources */ = {isa = PBXBuildFile; fileRef = 2384DEA8183B2609002F6AF3 /* intro_text@2x.png */; };
		2384DEAC183C2095002F6AF3 /* CLTAddressCell.m in Sources */ = {isa = PBXBuildFile; fileRef = 2384DEAB183C2095002F6AF3 /* CLTAddressCell.m */; };
		2384DEAF183C20AE002F6AF3 /* CLTDesignCell.m in Sources */ = {isa = PBXBuildFile; fileRef = 2384DEAE183C20AE002F6AF3 /* CLTDesignCell.m */; };
		2384DEB1183C21E2002F6AF3 /* CLTAddressCell.xib in Resources */ = {isa = PBXBuildFile; fileRef = 2384DEB0183C21E2002F6AF3 /* CLTAddressCell.xib */; };
		2384DECD183C765E002F6AF3 /* CLTPerson.m in Sources */ = {isa = PBXBuildFile; fileRef = 2384DECC183C765E002F6AF3 /* CLTPerson.m */; };
		23A2E94B1825CA3D003275D4 /* Foundation.framework in Frameworks */ = {isa = PBXBuildFile; fileRef = 23A2E94A1825CA3D003275D4 /* Foundation.framework */; };
		23A2E94D1825CA3D003275D4 /* CoreGraphics.framework in Frameworks */ = {isa = PBXBuildFile; fileRef = 23A2E94C1825CA3D003275D4 /* CoreGraphics.framework */; };
		23A2E94F1825CA3D003275D4 /* UIKit.framework in Frameworks */ = {isa = PBXBuildFile; fileRef = 23A2E94E1825CA3D003275D4 /* UIKit.framework */; };
		23A2E9551825CA3D003275D4 /* InfoPlist.strings in Resources */ = {isa = PBXBuildFile; fileRef = 23A2E9531825CA3D003275D4 /* InfoPlist.strings */; };
		23A2E9571825CA3D003275D4 /* main.m in Sources */ = {isa = PBXBuildFile; fileRef = 23A2E9561825CA3D003275D4 /* main.m */; };
		23A2E95B1825CA3D003275D4 /* CLTAppDelegate.m in Sources */ = {isa = PBXBuildFile; fileRef = 23A2E95A1825CA3D003275D4 /* CLTAppDelegate.m */; };
		23A2E95D1825CA3D003275D4 /* Images.xcassets in Resources */ = {isa = PBXBuildFile; fileRef = 23A2E95C1825CA3D003275D4 /* Images.xcassets */; };
		23A2E9641825CA3D003275D4 /* XCTest.framework in Frameworks */ = {isa = PBXBuildFile; fileRef = 23A2E9631825CA3D003275D4 /* XCTest.framework */; };
		23A2E9651825CA3D003275D4 /* Foundation.framework in Frameworks */ = {isa = PBXBuildFile; fileRef = 23A2E94A1825CA3D003275D4 /* Foundation.framework */; };
		23A2E9661825CA3D003275D4 /* UIKit.framework in Frameworks */ = {isa = PBXBuildFile; fileRef = 23A2E94E1825CA3D003275D4 /* UIKit.framework */; };
		23A2E96E1825CA3D003275D4 /* InfoPlist.strings in Resources */ = {isa = PBXBuildFile; fileRef = 23A2E96C1825CA3D003275D4 /* InfoPlist.strings */; };
		23A2E9701825CA3D003275D4 /* WedmailTests.m in Sources */ = {isa = PBXBuildFile; fileRef = 23A2E96F1825CA3D003275D4 /* WedmailTests.m */; };
		23A2E97C1825CCD4003275D4 /* CLTLaunchViewController.m in Sources */ = {isa = PBXBuildFile; fileRef = 23A2E97A1825CCD4003275D4 /* CLTLaunchViewController.m */; };
		23A2E97D1825CCD4003275D4 /* CLTLaunchViewController.xib in Resources */ = {isa = PBXBuildFile; fileRef = 23A2E97B1825CCD4003275D4 /* CLTLaunchViewController.xib */; };
		23A2E9801825D197003275D4 /* Couple@2x.png in Resources */ = {isa = PBXBuildFile; fileRef = 23A2E97F1825D197003275D4 /* Couple@2x.png */; };
		23A2E9841825D64B003275D4 /* CLTDesignMenuViewController.m in Sources */ = {isa = PBXBuildFile; fileRef = 23A2E9821825D64B003275D4 /* CLTDesignMenuViewController.m */; };
		23A2E9851825D64B003275D4 /* CLTDesignMenuViewController.xib in Resources */ = {isa = PBXBuildFile; fileRef = 23A2E9831825D64B003275D4 /* CLTDesignMenuViewController.xib */; };
		23A2E98B1826045A003275D4 /* GothamMedium.ttf in Resources */ = {isa = PBXBuildFile; fileRef = 23A2E98A1826045A003275D4 /* GothamMedium.ttf */; };
		23A2E995182604AF003275D4 /* Gotham-Black.ttf in Resources */ = {isa = PBXBuildFile; fileRef = 23A2E98C182604AF003275D4 /* Gotham-Black.ttf */; };
		23A2E996182604AF003275D4 /* Gotham-BlackItalic.ttf in Resources */ = {isa = PBXBuildFile; fileRef = 23A2E98D182604AF003275D4 /* Gotham-BlackItalic.ttf */; };
		23A2E997182604AF003275D4 /* Gotham-Bold.ttf in Resources */ = {isa = PBXBuildFile; fileRef = 23A2E98E182604AF003275D4 /* Gotham-Bold.ttf */; };
		23A2E998182604AF003275D4 /* Gotham-Book.ttf in Resources */ = {isa = PBXBuildFile; fileRef = 23A2E98F182604AF003275D4 /* Gotham-Book.ttf */; };
		23A2E999182604AF003275D4 /* Gotham-BookItalic.ttf in Resources */ = {isa = PBXBuildFile; fileRef = 23A2E990182604AF003275D4 /* Gotham-BookItalic.ttf */; };
		23A2E99A182604AF003275D4 /* Gotham-Light.ttf in Resources */ = {isa = PBXBuildFile; fileRef = 23A2E991182604AF003275D4 /* Gotham-Light.ttf */; };
		23A2E99C182604AF003275D4 /* Gotham-XLight.ttf in Resources */ = {isa = PBXBuildFile; fileRef = 23A2E993182604AF003275D4 /* Gotham-XLight.ttf */; };
		23A2E99D182604AF003275D4 /* Gotham-XLightItalic.ttf in Resources */ = {isa = PBXBuildFile; fileRef = 23A2E994182604AF003275D4 /* Gotham-XLightItalic.ttf */; };
		23A2E9A118260706003275D4 /* CLTCustomizeCardViewController.m in Sources */ = {isa = PBXBuildFile; fileRef = 23A2E99F18260706003275D4 /* CLTCustomizeCardViewController.m */; };
		23A2E9A218260706003275D4 /* CLTCustomizeCardViewController.xib in Resources */ = {isa = PBXBuildFile; fileRef = 23A2E9A018260706003275D4 /* CLTCustomizeCardViewController.xib */; };
		23A2E9AB18262A72003275D4 /* Us_Sample@2x.png in Resources */ = {isa = PBXBuildFile; fileRef = 23A2E9A918262A72003275D4 /* Us_Sample@2x.png */; };
		23A2E9AC18262A72003275D4 /* Wedmail_Logo@2x.png in Resources */ = {isa = PBXBuildFile; fileRef = 23A2E9AA18262A72003275D4 /* Wedmail_Logo@2x.png */; };
		23A2E9B2182637ED003275D4 /* UIApplication+Test.m in Sources */ = {isa = PBXBuildFile; fileRef = 23A2E9B1182637ED003275D4 /* UIApplication+Test.m */; };
		23A2E9C11826CB8B003275D4 /* UIImage+Width.m in Sources */ = {isa = PBXBuildFile; fileRef = 23A2E9C01826CB8B003275D4 /* UIImage+Width.m */; };
		23A2E9C51826CEF5003275D4 /* CLTInviteViewController.m in Sources */ = {isa = PBXBuildFile; fileRef = 23A2E9C31826CEF5003275D4 /* CLTInviteViewController.m */; };
		23A2E9C61826CEF5003275D4 /* CLTInviteViewController.xib in Resources */ = {isa = PBXBuildFile; fileRef = 23A2E9C41826CEF5003275D4 /* CLTInviteViewController.xib */; };
		23A2E9CA1826D80D003275D4 /* CLTImportAddressesViewController.m in Sources */ = {isa = PBXBuildFile; fileRef = 23A2E9C81826D80D003275D4 /* CLTImportAddressesViewController.m */; };
		23A2E9CB1826D80D003275D4 /* CLTImportAddressesViewController.xib in Resources */ = {isa = PBXBuildFile; fileRef = 23A2E9C91826D80D003275D4 /* CLTImportAddressesViewController.xib */; };
		23A2E9CF1826D908003275D4 /* CLTConfirmationViewController.m in Sources */ = {isa = PBXBuildFile; fileRef = 23A2E9CD1826D908003275D4 /* CLTConfirmationViewController.m */; };
		23A2E9D01826D908003275D4 /* CLTConfirmationViewController.xib in Resources */ = {isa = PBXBuildFile; fileRef = 23A2E9CE1826D908003275D4 /* CLTConfirmationViewController.xib */; };
		23A2E9D21826D96A003275D4 /* wedmail_words@2x.png in Resources */ = {isa = PBXBuildFile; fileRef = 23A2E9D11826D96A003275D4 /* wedmail_words@2x.png */; };
		23A2E9D41826D9F2003275D4 /* wedmail_envelope@2x.png in Resources */ = {isa = PBXBuildFile; fileRef = 23A2E9D31826D9F2003275D4 /* wedmail_envelope@2x.png */; };
		23A2E9D81826E92B003275D4 /* CLTSendViewController.m in Sources */ = {isa = PBXBuildFile; fileRef = 23A2E9D61826E92B003275D4 /* CLTSendViewController.m */; };
		23A2E9D91826E92B003275D4 /* CLTSendViewController.xib in Resources */ = {isa = PBXBuildFile; fileRef = 23A2E9D71826E92B003275D4 /* CLTSendViewController.xib */; };
		23A2E9DE1826ED0B003275D4 /* design_3@2x.png in Resources */ = {isa = PBXBuildFile; fileRef = 23A2E9DA1826ED0B003275D4 /* design_3@2x.png */; };
		23A2E9DF1826ED0B003275D4 /* design_4@2x.png in Resources */ = {isa = PBXBuildFile; fileRef = 23A2E9DB1826ED0B003275D4 /* design_4@2x.png */; };
		23A2E9E01826ED0B003275D4 /* design_2@2x.png in Resources */ = {isa = PBXBuildFile; fileRef = 23A2E9DC1826ED0B003275D4 /* design_2@2x.png */; };
		23A2E9E11826ED0B003275D4 /* design_1@2x.png in Resources */ = {isa = PBXBuildFile; fileRef = 23A2E9DD1826ED0B003275D4 /* design_1@2x.png */; };
		23A2E9E31826ED95003275D4 /* template_title_bar@2x.png in Resources */ = {isa = PBXBuildFile; fileRef = 23A2E9E21826ED95003275D4 /* template_title_bar@2x.png */; };
		23A2E9EE1826EF8E003275D4 /* AppIcon29x29.png in Resources */ = {isa = PBXBuildFile; fileRef = 23A2E9E41826EF8E003275D4 /* AppIcon29x29.png */; };
		23A2E9EF1826EF8E003275D4 /* AppIcon29x29@2x.png in Resources */ = {isa = PBXBuildFile; fileRef = 23A2E9E51826EF8E003275D4 /* AppIcon29x29@2x.png */; };
		23A2E9F01826EF8E003275D4 /* AppIcon40x40.png in Resources */ = {isa = PBXBuildFile; fileRef = 23A2E9E61826EF8E003275D4 /* AppIcon40x40.png */; };
		23A2E9F11826EF8E003275D4 /* AppIcon40x40@2x.png in Resources */ = {isa = PBXBuildFile; fileRef = 23A2E9E71826EF8E003275D4 /* AppIcon40x40@2x.png */; };
		23A2E9F21826EF8E003275D4 /* AppIcon60x60.png in Resources */ = {isa = PBXBuildFile; fileRef = 23A2E9E81826EF8E003275D4 /* AppIcon60x60.png */; };
		23A2E9F31826EF8E003275D4 /* AppIcon60x60@2x.png in Resources */ = {isa = PBXBuildFile; fileRef = 23A2E9E91826EF8E003275D4 /* AppIcon60x60@2x.png */; };
		23A2E9F41826EF8E003275D4 /* AppIcon76x76.png in Resources */ = {isa = PBXBuildFile; fileRef = 23A2E9EA1826EF8E003275D4 /* AppIcon76x76.png */; };
		23A2E9F51826EF8E003275D4 /* AppIcon76x76@2x.png in Resources */ = {isa = PBXBuildFile; fileRef = 23A2E9EB1826EF8E003275D4 /* AppIcon76x76@2x.png */; };
		23A2E9F61826EF8E003275D4 /* iTunesArtwork.png in Resources */ = {isa = PBXBuildFile; fileRef = 23A2E9EC1826EF8E003275D4 /* iTunesArtwork.png */; };
		23A2E9F71826EF8E003275D4 /* iTunesArtwork@2x.png in Resources */ = {isa = PBXBuildFile; fileRef = 23A2E9ED1826EF8E003275D4 /* iTunesArtwork@2x.png */; };
		23A2E9FE18270D45003275D4 /* UIView+Rasterize.m in Sources */ = {isa = PBXBuildFile; fileRef = 23A2E9FD18270D45003275D4 /* UIView+Rasterize.m */; };
		23BBF219183A8101009D1C3B /* UIImage+Alpha.m in Sources */ = {isa = PBXBuildFile; fileRef = 23BBF210183A8101009D1C3B /* UIImage+Alpha.m */; };
		23BBF21A183A8101009D1C3B /* UIImage+FixOrientation.m in Sources */ = {isa = PBXBuildFile; fileRef = 23BBF212183A8101009D1C3B /* UIImage+FixOrientation.m */; };
		23BBF21B183A8101009D1C3B /* UIImage+Resize.m in Sources */ = {isa = PBXBuildFile; fileRef = 23BBF214183A8101009D1C3B /* UIImage+Resize.m */; };
		23BBF21C183A8101009D1C3B /* UIImage+Rotate.m in Sources */ = {isa = PBXBuildFile; fileRef = 23BBF216183A8101009D1C3B /* UIImage+Rotate.m */; };
		23BBF21D183A8101009D1C3B /* UIImage+RoundedCorner.m in Sources */ = {isa = PBXBuildFile; fileRef = 23BBF218183A8101009D1C3B /* UIImage+RoundedCorner.m */; };
		23BBF22B183AB802009D1C3B /* CLTIPADMainViewController.m in Sources */ = {isa = PBXBuildFile; fileRef = 23BBF229183AB802009D1C3B /* CLTIPADMainViewController.m */; };
		23BBF22C183AB802009D1C3B /* CLTIPADMainViewController.xib in Resources */ = {isa = PBXBuildFile; fileRef = 23BBF22A183AB802009D1C3B /* CLTIPADMainViewController.xib */; };
		A27E4FD0B8C14CCD8ED3C3CF /* libPods.a in Frameworks */ = {isa = PBXBuildFile; fileRef = 62164AFC133D42FF85ECA590 /* libPods.a */; };
/* End PBXBuildFile section */

/* Begin PBXContainerItemProxy section */
		23A2E9671825CA3D003275D4 /* PBXContainerItemProxy */ = {
			isa = PBXContainerItemProxy;
			containerPortal = 23A2E93F1825CA3D003275D4 /* Project object */;
			proxyType = 1;
			remoteGlobalIDString = 23A2E9461825CA3D003275D4;
			remoteInfo = Wedmail;
		};
/* End PBXContainerItemProxy section */

/* Begin PBXFileReference section */
		0C8F5D11F6874BA0ABA13B45 /* Pods.xcconfig */ = {isa = PBXFileReference; includeInIndex = 1; lastKnownFileType = text.xcconfig; name = Pods.xcconfig; path = Pods/Pods.xcconfig; sourceTree = "<group>"; };
		2384DEA6183B1CD8002F6AF3 /* Images-2.xcassets */ = {isa = PBXFileReference; lastKnownFileType = folder.assetcatalog; path = "Images-2.xcassets"; sourceTree = "<group>"; };
		2384DEA8183B2609002F6AF3 /* intro_text@2x.png */ = {isa = PBXFileReference; lastKnownFileType = image.png; path = "intro_text@2x.png"; sourceTree = "<group>"; };
		2384DEAA183C2095002F6AF3 /* CLTAddressCell.h */ = {isa = PBXFileReference; fileEncoding = 4; lastKnownFileType = sourcecode.c.h; name = CLTAddressCell.h; path = "Table Cells/CLTAddressCell.h"; sourceTree = "<group>"; };
		2384DEAB183C2095002F6AF3 /* CLTAddressCell.m */ = {isa = PBXFileReference; fileEncoding = 4; lastKnownFileType = sourcecode.c.objc; name = CLTAddressCell.m; path = "Table Cells/CLTAddressCell.m"; sourceTree = "<group>"; };
		2384DEAD183C20AE002F6AF3 /* CLTDesignCell.h */ = {isa = PBXFileReference; fileEncoding = 4; lastKnownFileType = sourcecode.c.h; name = CLTDesignCell.h; path = "Table Cells/CLTDesignCell.h"; sourceTree = "<group>"; };
		2384DEAE183C20AE002F6AF3 /* CLTDesignCell.m */ = {isa = PBXFileReference; fileEncoding = 4; lastKnownFileType = sourcecode.c.objc; name = CLTDesignCell.m; path = "Table Cells/CLTDesignCell.m"; sourceTree = "<group>"; };
		2384DEB0183C21E2002F6AF3 /* CLTAddressCell.xib */ = {isa = PBXFileReference; fileEncoding = 4; lastKnownFileType = file.xib; name = CLTAddressCell.xib; path = "Table Cells/CLTAddressCell.xib"; sourceTree = "<group>"; };
		2384DECB183C765E002F6AF3 /* CLTPerson.h */ = {isa = PBXFileReference; fileEncoding = 4; lastKnownFileType = sourcecode.c.h; name = CLTPerson.h; path = Utilties/CLTPerson.h; sourceTree = "<group>"; };
		2384DECC183C765E002F6AF3 /* CLTPerson.m */ = {isa = PBXFileReference; fileEncoding = 4; lastKnownFileType = sourcecode.c.objc; name = CLTPerson.m; path = Utilties/CLTPerson.m; sourceTree = "<group>"; };
		23A2E9471825CA3D003275D4 /* Wedmail.app */ = {isa = PBXFileReference; explicitFileType = wrapper.application; includeInIndex = 0; path = Wedmail.app; sourceTree = BUILT_PRODUCTS_DIR; };
		23A2E94A1825CA3D003275D4 /* Foundation.framework */ = {isa = PBXFileReference; lastKnownFileType = wrapper.framework; name = Foundation.framework; path = System/Library/Frameworks/Foundation.framework; sourceTree = SDKROOT; };
		23A2E94C1825CA3D003275D4 /* CoreGraphics.framework */ = {isa = PBXFileReference; lastKnownFileType = wrapper.framework; name = CoreGraphics.framework; path = System/Library/Frameworks/CoreGraphics.framework; sourceTree = SDKROOT; };
		23A2E94E1825CA3D003275D4 /* UIKit.framework */ = {isa = PBXFileReference; lastKnownFileType = wrapper.framework; name = UIKit.framework; path = System/Library/Frameworks/UIKit.framework; sourceTree = SDKROOT; };
		23A2E9521825CA3D003275D4 /* Wedmail-Info.plist */ = {isa = PBXFileReference; lastKnownFileType = text.plist.xml; path = "Wedmail-Info.plist"; sourceTree = "<group>"; };
		23A2E9541825CA3D003275D4 /* en */ = {isa = PBXFileReference; lastKnownFileType = text.plist.strings; name = en; path = en.lproj/InfoPlist.strings; sourceTree = "<group>"; };
		23A2E9561825CA3D003275D4 /* main.m */ = {isa = PBXFileReference; lastKnownFileType = sourcecode.c.objc; path = main.m; sourceTree = "<group>"; };
		23A2E9581825CA3D003275D4 /* Wedmail-Prefix.pch */ = {isa = PBXFileReference; lastKnownFileType = sourcecode.c.h; path = "Wedmail-Prefix.pch"; sourceTree = "<group>"; };
		23A2E9591825CA3D003275D4 /* CLTAppDelegate.h */ = {isa = PBXFileReference; lastKnownFileType = sourcecode.c.h; path = CLTAppDelegate.h; sourceTree = "<group>"; };
		23A2E95A1825CA3D003275D4 /* CLTAppDelegate.m */ = {isa = PBXFileReference; lastKnownFileType = sourcecode.c.objc; path = CLTAppDelegate.m; sourceTree = "<group>"; };
		23A2E95C1825CA3D003275D4 /* Images.xcassets */ = {isa = PBXFileReference; lastKnownFileType = folder.assetcatalog; path = Images.xcassets; sourceTree = "<group>"; };
		23A2E9621825CA3D003275D4 /* WedmailTests.xctest */ = {isa = PBXFileReference; explicitFileType = wrapper.cfbundle; includeInIndex = 0; path = WedmailTests.xctest; sourceTree = BUILT_PRODUCTS_DIR; };
		23A2E9631825CA3D003275D4 /* XCTest.framework */ = {isa = PBXFileReference; lastKnownFileType = wrapper.framework; name = XCTest.framework; path = Library/Frameworks/XCTest.framework; sourceTree = DEVELOPER_DIR; };
		23A2E96B1825CA3D003275D4 /* WedmailTests-Info.plist */ = {isa = PBXFileReference; lastKnownFileType = text.plist.xml; path = "WedmailTests-Info.plist"; sourceTree = "<group>"; };
		23A2E96D1825CA3D003275D4 /* en */ = {isa = PBXFileReference; lastKnownFileType = text.plist.strings; name = en; path = en.lproj/InfoPlist.strings; sourceTree = "<group>"; };
		23A2E96F1825CA3D003275D4 /* WedmailTests.m */ = {isa = PBXFileReference; lastKnownFileType = sourcecode.c.objc; path = WedmailTests.m; sourceTree = "<group>"; };
		23A2E9791825CCD4003275D4 /* CLTLaunchViewController.h */ = {isa = PBXFileReference; fileEncoding = 4; lastKnownFileType = sourcecode.c.h; path = CLTLaunchViewController.h; sourceTree = "<group>"; };
		23A2E97A1825CCD4003275D4 /* CLTLaunchViewController.m */ = {isa = PBXFileReference; fileEncoding = 4; lastKnownFileType = sourcecode.c.objc; path = CLTLaunchViewController.m; sourceTree = "<group>"; };
		23A2E97B1825CCD4003275D4 /* CLTLaunchViewController.xib */ = {isa = PBXFileReference; fileEncoding = 4; lastKnownFileType = file.xib; path = CLTLaunchViewController.xib; sourceTree = "<group>"; };
		23A2E97F1825D197003275D4 /* Couple@2x.png */ = {isa = PBXFileReference; lastKnownFileType = image.png; name = "Couple@2x.png"; path = "Images/Couple@2x.png"; sourceTree = SOURCE_ROOT; };
		23A2E9811825D64B003275D4 /* CLTDesignMenuViewController.h */ = {isa = PBXFileReference; fileEncoding = 4; lastKnownFileType = sourcecode.c.h; path = CLTDesignMenuViewController.h; sourceTree = "<group>"; };
		23A2E9821825D64B003275D4 /* CLTDesignMenuViewController.m */ = {isa = PBXFileReference; fileEncoding = 4; lastKnownFileType = sourcecode.c.objc; path = CLTDesignMenuViewController.m; sourceTree = "<group>"; };
		23A2E9831825D64B003275D4 /* CLTDesignMenuViewController.xib */ = {isa = PBXFileReference; fileEncoding = 4; lastKnownFileType = file.xib; path = CLTDesignMenuViewController.xib; sourceTree = "<group>"; };
		23A2E98A1826045A003275D4 /* GothamMedium.ttf */ = {isa = PBXFileReference; lastKnownFileType = file; path = GothamMedium.ttf; sourceTree = "<group>"; };
		23A2E98C182604AF003275D4 /* Gotham-Black.ttf */ = {isa = PBXFileReference; lastKnownFileType = file; path = "Gotham-Black.ttf"; sourceTree = "<group>"; };
		23A2E98D182604AF003275D4 /* Gotham-BlackItalic.ttf */ = {isa = PBXFileReference; lastKnownFileType = file; path = "Gotham-BlackItalic.ttf"; sourceTree = "<group>"; };
		23A2E98E182604AF003275D4 /* Gotham-Bold.ttf */ = {isa = PBXFileReference; lastKnownFileType = file; path = "Gotham-Bold.ttf"; sourceTree = "<group>"; };
		23A2E98F182604AF003275D4 /* Gotham-Book.ttf */ = {isa = PBXFileReference; lastKnownFileType = file; path = "Gotham-Book.ttf"; sourceTree = "<group>"; };
		23A2E990182604AF003275D4 /* Gotham-BookItalic.ttf */ = {isa = PBXFileReference; lastKnownFileType = file; path = "Gotham-BookItalic.ttf"; sourceTree = "<group>"; };
		23A2E991182604AF003275D4 /* Gotham-Light.ttf */ = {isa = PBXFileReference; lastKnownFileType = file; path = "Gotham-Light.ttf"; sourceTree = "<group>"; };
		23A2E993182604AF003275D4 /* Gotham-XLight.ttf */ = {isa = PBXFileReference; lastKnownFileType = file; path = "Gotham-XLight.ttf"; sourceTree = "<group>"; };
		23A2E994182604AF003275D4 /* Gotham-XLightItalic.ttf */ = {isa = PBXFileReference; lastKnownFileType = file; path = "Gotham-XLightItalic.ttf"; sourceTree = "<group>"; };
		23A2E99E18260706003275D4 /* CLTCustomizeCardViewController.h */ = {isa = PBXFileReference; fileEncoding = 4; lastKnownFileType = sourcecode.c.h; path = CLTCustomizeCardViewController.h; sourceTree = "<group>"; };
		23A2E99F18260706003275D4 /* CLTCustomizeCardViewController.m */ = {isa = PBXFileReference; fileEncoding = 4; lastKnownFileType = sourcecode.c.objc; path = CLTCustomizeCardViewController.m; sourceTree = "<group>"; };
		23A2E9A018260706003275D4 /* CLTCustomizeCardViewController.xib */ = {isa = PBXFileReference; fileEncoding = 4; lastKnownFileType = file.xib; path = CLTCustomizeCardViewController.xib; sourceTree = "<group>"; };
		23A2E9A918262A72003275D4 /* Us_Sample@2x.png */ = {isa = PBXFileReference; lastKnownFileType = image.png; name = "Us_Sample@2x.png"; path = "Images/Us_Sample@2x.png"; sourceTree = SOURCE_ROOT; };
		23A2E9AA18262A72003275D4 /* Wedmail_Logo@2x.png */ = {isa = PBXFileReference; lastKnownFileType = image.png; name = "Wedmail_Logo@2x.png"; path = "Images/Wedmail_Logo@2x.png"; sourceTree = SOURCE_ROOT; };
		23A2E9B0182637ED003275D4 /* UIApplication+Test.h */ = {isa = PBXFileReference; fileEncoding = 4; lastKnownFileType = sourcecode.c.h; path = "UIApplication+Test.h"; sourceTree = "<group>"; };
		23A2E9B1182637ED003275D4 /* UIApplication+Test.m */ = {isa = PBXFileReference; fileEncoding = 4; lastKnownFileType = sourcecode.c.objc; path = "UIApplication+Test.m"; sourceTree = "<group>"; };
		23A2E9BF1826CB8B003275D4 /* UIImage+Width.h */ = {isa = PBXFileReference; fileEncoding = 4; lastKnownFileType = sourcecode.c.h; name = "UIImage+Width.h"; path = "Wedmail/UIImage+Width.h"; sourceTree = "<group>"; };
		23A2E9C01826CB8B003275D4 /* UIImage+Width.m */ = {isa = PBXFileReference; fileEncoding = 4; lastKnownFileType = sourcecode.c.objc; name = "UIImage+Width.m"; path = "Wedmail/UIImage+Width.m"; sourceTree = "<group>"; };
		23A2E9C21826CEF5003275D4 /* CLTInviteViewController.h */ = {isa = PBXFileReference; fileEncoding = 4; lastKnownFileType = sourcecode.c.h; path = CLTInviteViewController.h; sourceTree = "<group>"; };
		23A2E9C31826CEF5003275D4 /* CLTInviteViewController.m */ = {isa = PBXFileReference; fileEncoding = 4; lastKnownFileType = sourcecode.c.objc; path = CLTInviteViewController.m; sourceTree = "<group>"; };
		23A2E9C41826CEF5003275D4 /* CLTInviteViewController.xib */ = {isa = PBXFileReference; fileEncoding = 4; lastKnownFileType = file.xib; path = CLTInviteViewController.xib; sourceTree = "<group>"; };
		23A2E9C71826D80D003275D4 /* CLTImportAddressesViewController.h */ = {isa = PBXFileReference; fileEncoding = 4; lastKnownFileType = sourcecode.c.h; path = CLTImportAddressesViewController.h; sourceTree = "<group>"; };
		23A2E9C81826D80D003275D4 /* CLTImportAddressesViewController.m */ = {isa = PBXFileReference; fileEncoding = 4; lastKnownFileType = sourcecode.c.objc; path = CLTImportAddressesViewController.m; sourceTree = "<group>"; };
		23A2E9C91826D80D003275D4 /* CLTImportAddressesViewController.xib */ = {isa = PBXFileReference; fileEncoding = 4; lastKnownFileType = file.xib; path = CLTImportAddressesViewController.xib; sourceTree = "<group>"; };
		23A2E9CC1826D908003275D4 /* CLTConfirmationViewController.h */ = {isa = PBXFileReference; fileEncoding = 4; lastKnownFileType = sourcecode.c.h; path = CLTConfirmationViewController.h; sourceTree = "<group>"; };
		23A2E9CD1826D908003275D4 /* CLTConfirmationViewController.m */ = {isa = PBXFileReference; fileEncoding = 4; lastKnownFileType = sourcecode.c.objc; path = CLTConfirmationViewController.m; sourceTree = "<group>"; };
		23A2E9CE1826D908003275D4 /* CLTConfirmationViewController.xib */ = {isa = PBXFileReference; fileEncoding = 4; lastKnownFileType = file.xib; path = CLTConfirmationViewController.xib; sourceTree = "<group>"; };
		23A2E9D11826D96A003275D4 /* wedmail_words@2x.png */ = {isa = PBXFileReference; lastKnownFileType = image.png; path = "wedmail_words@2x.png"; sourceTree = "<group>"; };
		23A2E9D31826D9F2003275D4 /* wedmail_envelope@2x.png */ = {isa = PBXFileReference; lastKnownFileType = image.png; name = "wedmail_envelope@2x.png"; path = "Images/wedmail_envelope@2x.png"; sourceTree = SOURCE_ROOT; };
		23A2E9D51826E92B003275D4 /* CLTSendViewController.h */ = {isa = PBXFileReference; fileEncoding = 4; lastKnownFileType = sourcecode.c.h; path = CLTSendViewController.h; sourceTree = "<group>"; };
		23A2E9D61826E92B003275D4 /* CLTSendViewController.m */ = {isa = PBXFileReference; fileEncoding = 4; lastKnownFileType = sourcecode.c.objc; path = CLTSendViewController.m; sourceTree = "<group>"; };
		23A2E9D71826E92B003275D4 /* CLTSendViewController.xib */ = {isa = PBXFileReference; fileEncoding = 4; lastKnownFileType = file.xib; path = CLTSendViewController.xib; sourceTree = "<group>"; };
		23A2E9DA1826ED0B003275D4 /* design_3@2x.png */ = {isa = PBXFileReference; lastKnownFileType = image.png; name = "design_3@2x.png"; path = "Images/design_3@2x.png"; sourceTree = SOURCE_ROOT; };
		23A2E9DB1826ED0B003275D4 /* design_4@2x.png */ = {isa = PBXFileReference; lastKnownFileType = image.png; name = "design_4@2x.png"; path = "Images/design_4@2x.png"; sourceTree = SOURCE_ROOT; };
		23A2E9DC1826ED0B003275D4 /* design_2@2x.png */ = {isa = PBXFileReference; lastKnownFileType = image.png; name = "design_2@2x.png"; path = "Images/design_2@2x.png"; sourceTree = SOURCE_ROOT; };
		23A2E9DD1826ED0B003275D4 /* design_1@2x.png */ = {isa = PBXFileReference; lastKnownFileType = image.png; name = "design_1@2x.png"; path = "Images/design_1@2x.png"; sourceTree = SOURCE_ROOT; };
		23A2E9E21826ED95003275D4 /* template_title_bar@2x.png */ = {isa = PBXFileReference; lastKnownFileType = image.png; name = "template_title_bar@2x.png"; path = "Images/template_title_bar@2x.png"; sourceTree = SOURCE_ROOT; };
		23A2E9E41826EF8E003275D4 /* AppIcon29x29.png */ = {isa = PBXFileReference; lastKnownFileType = image.png; name = AppIcon29x29.png; path = "Images/App Icon [Rounded]/AppIcon29x29.png"; sourceTree = SOURCE_ROOT; };
		23A2E9E51826EF8E003275D4 /* AppIcon29x29@2x.png */ = {isa = PBXFileReference; lastKnownFileType = image.png; name = "AppIcon29x29@2x.png"; path = "Images/App Icon [Rounded]/AppIcon29x29@2x.png"; sourceTree = SOURCE_ROOT; };
		23A2E9E61826EF8E003275D4 /* AppIcon40x40.png */ = {isa = PBXFileReference; lastKnownFileType = image.png; name = AppIcon40x40.png; path = "Images/App Icon [Rounded]/AppIcon40x40.png"; sourceTree = SOURCE_ROOT; };
		23A2E9E71826EF8E003275D4 /* AppIcon40x40@2x.png */ = {isa = PBXFileReference; lastKnownFileType = image.png; name = "AppIcon40x40@2x.png"; path = "Images/App Icon [Rounded]/AppIcon40x40@2x.png"; sourceTree = SOURCE_ROOT; };
		23A2E9E81826EF8E003275D4 /* AppIcon60x60.png */ = {isa = PBXFileReference; lastKnownFileType = image.png; name = AppIcon60x60.png; path = "Images/App Icon [Rounded]/AppIcon60x60.png"; sourceTree = SOURCE_ROOT; };
		23A2E9E91826EF8E003275D4 /* AppIcon60x60@2x.png */ = {isa = PBXFileReference; lastKnownFileType = image.png; name = "AppIcon60x60@2x.png"; path = "Images/App Icon [Rounded]/AppIcon60x60@2x.png"; sourceTree = SOURCE_ROOT; };
		23A2E9EA1826EF8E003275D4 /* AppIcon76x76.png */ = {isa = PBXFileReference; lastKnownFileType = image.png; name = AppIcon76x76.png; path = "Images/App Icon [Rounded]/AppIcon76x76.png"; sourceTree = SOURCE_ROOT; };
		23A2E9EB1826EF8E003275D4 /* AppIcon76x76@2x.png */ = {isa = PBXFileReference; lastKnownFileType = image.png; name = "AppIcon76x76@2x.png"; path = "Images/App Icon [Rounded]/AppIcon76x76@2x.png"; sourceTree = SOURCE_ROOT; };
		23A2E9EC1826EF8E003275D4 /* iTunesArtwork.png */ = {isa = PBXFileReference; lastKnownFileType = image.png; name = iTunesArtwork.png; path = "Images/App Icon [Rounded]/iTunesArtwork.png"; sourceTree = SOURCE_ROOT; };
		23A2E9ED1826EF8E003275D4 /* iTunesArtwork@2x.png */ = {isa = PBXFileReference; lastKnownFileType = image.png; name = "iTunesArtwork@2x.png"; path = "Images/App Icon [Rounded]/iTunesArtwork@2x.png"; sourceTree = SOURCE_ROOT; };
		23A2E9FC18270D45003275D4 /* UIView+Rasterize.h */ = {isa = PBXFileReference; fileEncoding = 4; lastKnownFileType = sourcecode.c.h; name = "UIView+Rasterize.h"; path = "Wedmail/UIView+Rasterize.h"; sourceTree = "<group>"; };
		23A2E9FD18270D45003275D4 /* UIView+Rasterize.m */ = {isa = PBXFileReference; fileEncoding = 4; lastKnownFileType = sourcecode.c.objc; name = "UIView+Rasterize.m"; path = "Wedmail/UIView+Rasterize.m"; sourceTree = "<group>"; };
		23BBF20F183A8101009D1C3B /* UIImage+Alpha.h */ = {isa = PBXFileReference; fileEncoding = 4; lastKnownFileType = sourcecode.c.h; path = "UIImage+Alpha.h"; sourceTree = "<group>"; };
		23BBF210183A8101009D1C3B /* UIImage+Alpha.m */ = {isa = PBXFileReference; fileEncoding = 4; lastKnownFileType = sourcecode.c.objc; path = "UIImage+Alpha.m"; sourceTree = "<group>"; };
		23BBF211183A8101009D1C3B /* UIImage+FixOrientation.h */ = {isa = PBXFileReference; fileEncoding = 4; lastKnownFileType = sourcecode.c.h; path = "UIImage+FixOrientation.h"; sourceTree = "<group>"; };
		23BBF212183A8101009D1C3B /* UIImage+FixOrientation.m */ = {isa = PBXFileReference; fileEncoding = 4; lastKnownFileType = sourcecode.c.objc; path = "UIImage+FixOrientation.m"; sourceTree = "<group>"; };
		23BBF213183A8101009D1C3B /* UIImage+Resize.h */ = {isa = PBXFileReference; fileEncoding = 4; lastKnownFileType = sourcecode.c.h; path = "UIImage+Resize.h"; sourceTree = "<group>"; };
		23BBF214183A8101009D1C3B /* UIImage+Resize.m */ = {isa = PBXFileReference; fileEncoding = 4; lastKnownFileType = sourcecode.c.objc; path = "UIImage+Resize.m"; sourceTree = "<group>"; };
		23BBF215183A8101009D1C3B /* UIImage+Rotate.h */ = {isa = PBXFileReference; fileEncoding = 4; lastKnownFileType = sourcecode.c.h; path = "UIImage+Rotate.h"; sourceTree = "<group>"; };
		23BBF216183A8101009D1C3B /* UIImage+Rotate.m */ = {isa = PBXFileReference; fileEncoding = 4; lastKnownFileType = sourcecode.c.objc; path = "UIImage+Rotate.m"; sourceTree = "<group>"; };
		23BBF217183A8101009D1C3B /* UIImage+RoundedCorner.h */ = {isa = PBXFileReference; fileEncoding = 4; lastKnownFileType = sourcecode.c.h; path = "UIImage+RoundedCorner.h"; sourceTree = "<group>"; };
		23BBF218183A8101009D1C3B /* UIImage+RoundedCorner.m */ = {isa = PBXFileReference; fileEncoding = 4; lastKnownFileType = sourcecode.c.objc; path = "UIImage+RoundedCorner.m"; sourceTree = "<group>"; };
		23BBF228183AB802009D1C3B /* CLTIPADMainViewController.h */ = {isa = PBXFileReference; fileEncoding = 4; lastKnownFileType = sourcecode.c.h; name = CLTIPADMainViewController.h; path = "iPad View Controllers/CLTIPADMainViewController.h"; sourceTree = "<group>"; };
		23BBF229183AB802009D1C3B /* CLTIPADMainViewController.m */ = {isa = PBXFileReference; fileEncoding = 4; lastKnownFileType = sourcecode.c.objc; name = CLTIPADMainViewController.m; path = "iPad View Controllers/CLTIPADMainViewController.m"; sourceTree = "<group>"; };
		23BBF22A183AB802009D1C3B /* CLTIPADMainViewController.xib */ = {isa = PBXFileReference; fileEncoding = 4; lastKnownFileType = file.xib; name = CLTIPADMainViewController.xib; path = "iPad View Controllers/CLTIPADMainViewController.xib"; sourceTree = "<group>"; };
		62164AFC133D42FF85ECA590 /* libPods.a */ = {isa = PBXFileReference; explicitFileType = archive.ar; includeInIndex = 0; path = libPods.a; sourceTree = BUILT_PRODUCTS_DIR; };
/* End PBXFileReference section */

/* Begin PBXFrameworksBuildPhase section */
		23A2E9441825CA3D003275D4 /* Frameworks */ = {
			isa = PBXFrameworksBuildPhase;
			buildActionMask = 2147483647;
			files = (
				23A2E94D1825CA3D003275D4 /* CoreGraphics.framework in Frameworks */,
				23A2E94F1825CA3D003275D4 /* UIKit.framework in Frameworks */,
				23A2E94B1825CA3D003275D4 /* Foundation.framework in Frameworks */,
				A27E4FD0B8C14CCD8ED3C3CF /* libPods.a in Frameworks */,
			);
			runOnlyForDeploymentPostprocessing = 0;
		};
		23A2E95F1825CA3D003275D4 /* Frameworks */ = {
			isa = PBXFrameworksBuildPhase;
			buildActionMask = 2147483647;
			files = (
				23A2E9641825CA3D003275D4 /* XCTest.framework in Frameworks */,
				23A2E9661825CA3D003275D4 /* UIKit.framework in Frameworks */,
				23A2E9651825CA3D003275D4 /* Foundation.framework in Frameworks */,
			);
			runOnlyForDeploymentPostprocessing = 0;
		};
/* End PBXFrameworksBuildPhase section */

/* Begin PBXGroup section */
		2384DEB2183C6F00002F6AF3 /* Utilities */ = {
			isa = PBXGroup;
			children = (
				2384DECB183C765E002F6AF3 /* CLTPerson.h */,
				2384DECC183C765E002F6AF3 /* CLTPerson.m */,
			);
			name = Utilities;
			sourceTree = "<group>";
		};
		23A2E93E1825CA3D003275D4 = {
			isa = PBXGroup;
			children = (
				23A2E9BF1826CB8B003275D4 /* UIImage+Width.h */,
				23A2E9C01826CB8B003275D4 /* UIImage+Width.m */,
				23A2E9FC18270D45003275D4 /* UIView+Rasterize.h */,
				23A2E9FD18270D45003275D4 /* UIView+Rasterize.m */,
				23A2E9B0182637ED003275D4 /* UIApplication+Test.h */,
				23A2E9B1182637ED003275D4 /* UIApplication+Test.m */,
				23A2E9501825CA3D003275D4 /* Wedmail */,
				23A2E9691825CA3D003275D4 /* WedmailTests */,
				23A2E9491825CA3D003275D4 /* Frameworks */,
				23A2E9481825CA3D003275D4 /* Products */,
				0C8F5D11F6874BA0ABA13B45 /* Pods.xcconfig */,
			);
			sourceTree = "<group>";
		};
		23A2E9481825CA3D003275D4 /* Products */ = {
			isa = PBXGroup;
			children = (
				23A2E9471825CA3D003275D4 /* Wedmail.app */,
				23A2E9621825CA3D003275D4 /* WedmailTests.xctest */,
			);
			name = Products;
			sourceTree = "<group>";
		};
		23A2E9491825CA3D003275D4 /* Frameworks */ = {
			isa = PBXGroup;
			children = (
				23A2E94A1825CA3D003275D4 /* Foundation.framework */,
				23A2E94C1825CA3D003275D4 /* CoreGraphics.framework */,
				23A2E94E1825CA3D003275D4 /* UIKit.framework */,
				23A2E9631825CA3D003275D4 /* XCTest.framework */,
				62164AFC133D42FF85ECA590 /* libPods.a */,
			);
			name = Frameworks;
			sourceTree = "<group>";
		};
		23A2E9501825CA3D003275D4 /* Wedmail */ = {
			isa = PBXGroup;
			children = (
				2384DEB2183C6F00002F6AF3 /* Utilities */,
				23BBF20E183A8101009D1C3B /* UIImage+ */,
				23A2E9891826045A003275D4 /* Fonts */,
				23A2E97E1825D189003275D4 /* Images */,
				23A2E9B51826BA9F003275D4 /* TableCells */,
				23A2E9591825CA3D003275D4 /* CLTAppDelegate.h */,
				23A2E95A1825CA3D003275D4 /* CLTAppDelegate.m */,
				23BBF21F183AB6E5009D1C3B /* iPad View Controllers */,
				23BBF21E183AB6D2009D1C3B /* iPhone View Controllers */,
				23A2E9511825CA3D003275D4 /* Supporting Files */,
			);
			path = Wedmail;
			sourceTree = "<group>";
		};
		23A2E9511825CA3D003275D4 /* Supporting Files */ = {
			isa = PBXGroup;
			children = (
				23A2E9521825CA3D003275D4 /* Wedmail-Info.plist */,
				23A2E9531825CA3D003275D4 /* InfoPlist.strings */,
				23A2E9561825CA3D003275D4 /* main.m */,
				23A2E9581825CA3D003275D4 /* Wedmail-Prefix.pch */,
			);
			name = "Supporting Files";
			sourceTree = "<group>";
		};
		23A2E9691825CA3D003275D4 /* WedmailTests */ = {
			isa = PBXGroup;
			children = (
				23A2E96F1825CA3D003275D4 /* WedmailTests.m */,
				23A2E96A1825CA3D003275D4 /* Supporting Files */,
			);
			path = WedmailTests;
			sourceTree = "<group>";
		};
		23A2E96A1825CA3D003275D4 /* Supporting Files */ = {
			isa = PBXGroup;
			children = (
				23A2E96B1825CA3D003275D4 /* WedmailTests-Info.plist */,
				23A2E96C1825CA3D003275D4 /* InfoPlist.strings */,
			);
			name = "Supporting Files";
			sourceTree = "<group>";
		};
		23A2E97E1825D189003275D4 /* Images */ = {
			isa = PBXGroup;
			children = (
				2384DEA8183B2609002F6AF3 /* intro_text@2x.png */,
				23A2E95C1825CA3D003275D4 /* Images.xcassets */,
				23A2E9E41826EF8E003275D4 /* AppIcon29x29.png */,
				23A2E9E51826EF8E003275D4 /* AppIcon29x29@2x.png */,
				23A2E9E71826EF8E003275D4 /* AppIcon40x40@2x.png */,
				23A2E9E61826EF8E003275D4 /* AppIcon40x40.png */,
				23A2E9E81826EF8E003275D4 /* AppIcon60x60.png */,
				23A2E9E91826EF8E003275D4 /* AppIcon60x60@2x.png */,
				23A2E9EA1826EF8E003275D4 /* AppIcon76x76.png */,
				23A2E9EB1826EF8E003275D4 /* AppIcon76x76@2x.png */,
				23A2E9EC1826EF8E003275D4 /* iTunesArtwork.png */,
				23A2E9ED1826EF8E003275D4 /* iTunesArtwork@2x.png */,
				23A2E9DA1826ED0B003275D4 /* design_3@2x.png */,
				23A2E9DB1826ED0B003275D4 /* design_4@2x.png */,
				23A2E9DC1826ED0B003275D4 /* design_2@2x.png */,
				23A2E9DD1826ED0B003275D4 /* design_1@2x.png */,
				23A2E9E21826ED95003275D4 /* template_title_bar@2x.png */,
				23A2E9D31826D9F2003275D4 /* wedmail_envelope@2x.png */,
				23A2E9D11826D96A003275D4 /* wedmail_words@2x.png */,
				23A2E9A918262A72003275D4 /* Us_Sample@2x.png */,
				23A2E9AA18262A72003275D4 /* Wedmail_Logo@2x.png */,
				23A2E97F1825D197003275D4 /* Couple@2x.png */,
				2384DEA6183B1CD8002F6AF3 /* Images-2.xcassets */,
			);
			name = Images;
			sourceTree = "<group>";
		};
		23A2E9891826045A003275D4 /* Fonts */ = {
			isa = PBXGroup;
			children = (
				23A2E98C182604AF003275D4 /* Gotham-Black.ttf */,
				23A2E98D182604AF003275D4 /* Gotham-BlackItalic.ttf */,
				23A2E98E182604AF003275D4 /* Gotham-Bold.ttf */,
				23A2E98F182604AF003275D4 /* Gotham-Book.ttf */,
				23A2E990182604AF003275D4 /* Gotham-BookItalic.ttf */,
				23A2E991182604AF003275D4 /* Gotham-Light.ttf */,
				23A2E993182604AF003275D4 /* Gotham-XLight.ttf */,
				23A2E994182604AF003275D4 /* Gotham-XLightItalic.ttf */,
				23A2E98A1826045A003275D4 /* GothamMedium.ttf */,
			);
			path = Fonts;
			sourceTree = "<group>";
		};
		23A2E9B51826BA9F003275D4 /* TableCells */ = {
			isa = PBXGroup;
			children = (
				2384DEAD183C20AE002F6AF3 /* CLTDesignCell.h */,
				2384DEAE183C20AE002F6AF3 /* CLTDesignCell.m */,
				2384DEAA183C2095002F6AF3 /* CLTAddressCell.h */,
				2384DEAB183C2095002F6AF3 /* CLTAddressCell.m */,
				2384DEB0183C21E2002F6AF3 /* CLTAddressCell.xib */,
			);
			name = TableCells;
			sourceTree = "<group>";
		};
		23BBF20E183A8101009D1C3B /* UIImage+ */ = {
			isa = PBXGroup;
			children = (
				23BBF20F183A8101009D1C3B /* UIImage+Alpha.h */,
				23BBF210183A8101009D1C3B /* UIImage+Alpha.m */,
				23BBF211183A8101009D1C3B /* UIImage+FixOrientation.h */,
				23BBF212183A8101009D1C3B /* UIImage+FixOrientation.m */,
				23BBF213183A8101009D1C3B /* UIImage+Resize.h */,
				23BBF214183A8101009D1C3B /* UIImage+Resize.m */,
				23BBF215183A8101009D1C3B /* UIImage+Rotate.h */,
				23BBF216183A8101009D1C3B /* UIImage+Rotate.m */,
				23BBF217183A8101009D1C3B /* UIImage+RoundedCorner.h */,
				23BBF218183A8101009D1C3B /* UIImage+RoundedCorner.m */,
			);
			path = "UIImage+";
			sourceTree = "<group>";
		};
		23BBF21E183AB6D2009D1C3B /* iPhone View Controllers */ = {
			isa = PBXGroup;
			children = (
				23A2E9C21826CEF5003275D4 /* CLTInviteViewController.h */,
				23A2E9C31826CEF5003275D4 /* CLTInviteViewController.m */,
				23A2E9C41826CEF5003275D4 /* CLTInviteViewController.xib */,
				23A2E9C71826D80D003275D4 /* CLTImportAddressesViewController.h */,
				23A2E9C81826D80D003275D4 /* CLTImportAddressesViewController.m */,
				23A2E9C91826D80D003275D4 /* CLTImportAddressesViewController.xib */,
				23A2E9CC1826D908003275D4 /* CLTConfirmationViewController.h */,
				23A2E9CD1826D908003275D4 /* CLTConfirmationViewController.m */,
				23A2E9CE1826D908003275D4 /* CLTConfirmationViewController.xib */,
				23A2E9791825CCD4003275D4 /* CLTLaunchViewController.h */,
				23A2E97A1825CCD4003275D4 /* CLTLaunchViewController.m */,
				23A2E97B1825CCD4003275D4 /* CLTLaunchViewController.xib */,
				23A2E9811825D64B003275D4 /* CLTDesignMenuViewController.h */,
				23A2E9821825D64B003275D4 /* CLTDesignMenuViewController.m */,
				23A2E9831825D64B003275D4 /* CLTDesignMenuViewController.xib */,
				23A2E99E18260706003275D4 /* CLTCustomizeCardViewController.h */,
				23A2E99F18260706003275D4 /* CLTCustomizeCardViewController.m */,
				23A2E9A018260706003275D4 /* CLTCustomizeCardViewController.xib */,
				23A2E9D51826E92B003275D4 /* CLTSendViewController.h */,
				23A2E9D61826E92B003275D4 /* CLTSendViewController.m */,
				23A2E9D71826E92B003275D4 /* CLTSendViewController.xib */,
			);
			name = "iPhone View Controllers";
			sourceTree = "<group>";
		};
		23BBF21F183AB6E5009D1C3B /* iPad View Controllers */ = {
			isa = PBXGroup;
			children = (
				23BBF228183AB802009D1C3B /* CLTIPADMainViewController.h */,
				23BBF229183AB802009D1C3B /* CLTIPADMainViewController.m */,
				23BBF22A183AB802009D1C3B /* CLTIPADMainViewController.xib */,
			);
			name = "iPad View Controllers";
			sourceTree = "<group>";
		};
/* End PBXGroup section */

/* Begin PBXNativeTarget section */
		23A2E9461825CA3D003275D4 /* Wedmail */ = {
			isa = PBXNativeTarget;
			buildConfigurationList = 23A2E9731825CA3D003275D4 /* Build configuration list for PBXNativeTarget "Wedmail" */;
			buildPhases = (
				45658ABF9D6A4F93834D2444 /* Check Pods Manifest.lock */,
				23A2E9431825CA3D003275D4 /* Sources */,
				23A2E9441825CA3D003275D4 /* Frameworks */,
				23A2E9451825CA3D003275D4 /* Resources */,
				24C6AD21D43E4871ACAFD816 /* Copy Pods Resources */,
			);
			buildRules = (
			);
			dependencies = (
			);
			name = Wedmail;
			productName = Wedmail;
			productReference = 23A2E9471825CA3D003275D4 /* Wedmail.app */;
			productType = "com.apple.product-type.application";
		};
		23A2E9611825CA3D003275D4 /* WedmailTests */ = {
			isa = PBXNativeTarget;
			buildConfigurationList = 23A2E9761825CA3D003275D4 /* Build configuration list for PBXNativeTarget "WedmailTests" */;
			buildPhases = (
				23A2E95E1825CA3D003275D4 /* Sources */,
				23A2E95F1825CA3D003275D4 /* Frameworks */,
				23A2E9601825CA3D003275D4 /* Resources */,
			);
			buildRules = (
			);
			dependencies = (
				23A2E9681825CA3D003275D4 /* PBXTargetDependency */,
			);
			name = WedmailTests;
			productName = WedmailTests;
			productReference = 23A2E9621825CA3D003275D4 /* WedmailTests.xctest */;
			productType = "com.apple.product-type.bundle.unit-test";
		};
/* End PBXNativeTarget section */

/* Begin PBXProject section */
		23A2E93F1825CA3D003275D4 /* Project object */ = {
			isa = PBXProject;
			attributes = {
				CLASSPREFIX = CLT;
				LastUpgradeCheck = 0500;
				ORGANIZATIONNAME = truman;
				TargetAttributes = {
					23A2E9611825CA3D003275D4 = {
						TestTargetID = 23A2E9461825CA3D003275D4;
					};
				};
			};
			buildConfigurationList = 23A2E9421825CA3D003275D4 /* Build configuration list for PBXProject "Wedmail" */;
			compatibilityVersion = "Xcode 3.2";
			developmentRegion = English;
			hasScannedForEncodings = 0;
			knownRegions = (
				en,
			);
			mainGroup = 23A2E93E1825CA3D003275D4;
			productRefGroup = 23A2E9481825CA3D003275D4 /* Products */;
			projectDirPath = "";
			projectRoot = "";
			targets = (
				23A2E9461825CA3D003275D4 /* Wedmail */,
				23A2E9611825CA3D003275D4 /* WedmailTests */,
			);
		};
/* End PBXProject section */

/* Begin PBXResourcesBuildPhase section */
		23A2E9451825CA3D003275D4 /* Resources */ = {
			isa = PBXResourcesBuildPhase;
			buildActionMask = 2147483647;
			files = (
				23A2E97D1825CCD4003275D4 /* CLTLaunchViewController.xib in Resources */,
				23A2E9551825CA3D003275D4 /* InfoPlist.strings in Resources */,
				2384DEB1183C21E2002F6AF3 /* CLTAddressCell.xib in Resources */,
				23A2E9F31826EF8E003275D4 /* AppIcon60x60@2x.png in Resources */,
				23A2E9F01826EF8E003275D4 /* AppIcon40x40.png in Resources */,
				23A2E9E11826ED0B003275D4 /* design_1@2x.png in Resources */,
				23A2E99D182604AF003275D4 /* Gotham-XLightItalic.ttf in Resources */,
				23A2E9D41826D9F2003275D4 /* wedmail_envelope@2x.png in Resources */,
				23A2E99C182604AF003275D4 /* Gotham-XLight.ttf in Resources */,
				23A2E996182604AF003275D4 /* Gotham-BlackItalic.ttf in Resources */,
				23A2E9F41826EF8E003275D4 /* AppIcon76x76.png in Resources */,
				23A2E9E31826ED95003275D4 /* template_title_bar@2x.png in Resources */,
				23A2E9801825D197003275D4 /* Couple@2x.png in Resources */,
				23A2E9F21826EF8E003275D4 /* AppIcon60x60.png in Resources */,
				23A2E9F71826EF8E003275D4 /* iTunesArtwork@2x.png in Resources */,
				23A2E9D01826D908003275D4 /* CLTConfirmationViewController.xib in Resources */,
				23A2E98B1826045A003275D4 /* GothamMedium.ttf in Resources */,
				23A2E95D1825CA3D003275D4 /* Images.xcassets in Resources */,
				23A2E9D21826D96A003275D4 /* wedmail_words@2x.png in Resources */,
				23A2E9EE1826EF8E003275D4 /* AppIcon29x29.png in Resources */,
				23A2E9AB18262A72003275D4 /* Us_Sample@2x.png in Resources */,
				23A2E999182604AF003275D4 /* Gotham-BookItalic.ttf in Resources */,
				23A2E9EF1826EF8E003275D4 /* AppIcon29x29@2x.png in Resources */,
				23A2E9DE1826ED0B003275D4 /* design_3@2x.png in Resources */,
				23A2E9F61826EF8E003275D4 /* iTunesArtwork.png in Resources */,
				23A2E997182604AF003275D4 /* Gotham-Bold.ttf in Resources */,
				2384DEA9183B2609002F6AF3 /* intro_text@2x.png in Resources */,
				23A2E9A218260706003275D4 /* CLTCustomizeCardViewController.xib in Resources */,
				23A2E9DF1826ED0B003275D4 /* design_4@2x.png in Resources */,
				23A2E9D91826E92B003275D4 /* CLTSendViewController.xib in Resources */,
				23A2E998182604AF003275D4 /* Gotham-Book.ttf in Resources */,
				2384DEA7183B1CD8002F6AF3 /* Images-2.xcassets in Resources */,
				23A2E99A182604AF003275D4 /* Gotham-Light.ttf in Resources */,
				23A2E995182604AF003275D4 /* Gotham-Black.ttf in Resources */,
				23A2E9F11826EF8E003275D4 /* AppIcon40x40@2x.png in Resources */,
				23BBF22C183AB802009D1C3B /* CLTIPADMainViewController.xib in Resources */,
				23A2E9E01826ED0B003275D4 /* design_2@2x.png in Resources */,
				23A2E9C61826CEF5003275D4 /* CLTInviteViewController.xib in Resources */,
				23A2E9F51826EF8E003275D4 /* AppIcon76x76@2x.png in Resources */,
				23A2E9AC18262A72003275D4 /* Wedmail_Logo@2x.png in Resources */,
				23A2E9CB1826D80D003275D4 /* CLTImportAddressesViewController.xib in Resources */,
				23A2E9851825D64B003275D4 /* CLTDesignMenuViewController.xib in Resources */,
			);
			runOnlyForDeploymentPostprocessing = 0;
		};
		23A2E9601825CA3D003275D4 /* Resources */ = {
			isa = PBXResourcesBuildPhase;
			buildActionMask = 2147483647;
			files = (
				23A2E96E1825CA3D003275D4 /* InfoPlist.strings in Resources */,
			);
			runOnlyForDeploymentPostprocessing = 0;
		};
/* End PBXResourcesBuildPhase section */

/* Begin PBXShellScriptBuildPhase section */
		24C6AD21D43E4871ACAFD816 /* Copy Pods Resources */ = {
			isa = PBXShellScriptBuildPhase;
			buildActionMask = 2147483647;
			files = (
			);
			inputPaths = (
			);
			name = "Copy Pods Resources";
			outputPaths = (
			);
			runOnlyForDeploymentPostprocessing = 0;
			shellPath = /bin/sh;
			shellScript = "\"${SRCROOT}/Pods/Pods-resources.sh\"\n";
			showEnvVarsInLog = 0;
		};
		45658ABF9D6A4F93834D2444 /* Check Pods Manifest.lock */ = {
			isa = PBXShellScriptBuildPhase;
			buildActionMask = 2147483647;
			files = (
			);
			inputPaths = (
			);
			name = "Check Pods Manifest.lock";
			outputPaths = (
			);
			runOnlyForDeploymentPostprocessing = 0;
			shellPath = /bin/sh;
			shellScript = "diff \"${PODS_ROOT}/../Podfile.lock\" \"${PODS_ROOT}/Manifest.lock\" > /dev/null\nif [[ $? != 0 ]] ; then\n    cat << EOM\nerror: The sandbox is not in sync with the Podfile.lock. Run 'pod install' or update your CocoaPods installation.\nEOM\n    exit 1\nfi\n";
			showEnvVarsInLog = 0;
		};
/* End PBXShellScriptBuildPhase section */

/* Begin PBXSourcesBuildPhase section */
		23A2E9431825CA3D003275D4 /* Sources */ = {
			isa = PBXSourcesBuildPhase;
			buildActionMask = 2147483647;
			files = (
				2384DECD183C765E002F6AF3 /* CLTPerson.m in Sources */,
				23A2E9B2182637ED003275D4 /* UIApplication+Test.m in Sources */,
				23A2E9FE18270D45003275D4 /* UIView+Rasterize.m in Sources */,
				23BBF22B183AB802009D1C3B /* CLTIPADMainViewController.m in Sources */,
				23A2E9C51826CEF5003275D4 /* CLTInviteViewController.m in Sources */,
				23A2E9D81826E92B003275D4 /* CLTSendViewController.m in Sources */,
				23BBF21C183A8101009D1C3B /* UIImage+Rotate.m in Sources */,
				23BBF219183A8101009D1C3B /* UIImage+Alpha.m in Sources */,
				2384DEAF183C20AE002F6AF3 /* CLTDesignCell.m in Sources */,
				23A2E95B1825CA3D003275D4 /* CLTAppDelegate.m in Sources */,
				2384DEAC183C2095002F6AF3 /* CLTAddressCell.m in Sources */,
				23A2E9841825D64B003275D4 /* CLTDesignMenuViewController.m in Sources */,
				23A2E9A118260706003275D4 /* CLTCustomizeCardViewController.m in Sources */,
				23A2E9CF1826D908003275D4 /* CLTConfirmationViewController.m in Sources */,
				23BBF21D183A8101009D1C3B /* UIImage+RoundedCorner.m in Sources */,
				23BBF21B183A8101009D1C3B /* UIImage+Resize.m in Sources */,
				23A2E9571825CA3D003275D4 /* main.m in Sources */,
				23A2E9CA1826D80D003275D4 /* CLTImportAddressesViewController.m in Sources */,
				23A2E9C11826CB8B003275D4 /* UIImage+Width.m in Sources */,
				23BBF21A183A8101009D1C3B /* UIImage+FixOrientation.m in Sources */,
				23A2E97C1825CCD4003275D4 /* CLTLaunchViewController.m in Sources */,
			);
			runOnlyForDeploymentPostprocessing = 0;
		};
		23A2E95E1825CA3D003275D4 /* Sources */ = {
			isa = PBXSourcesBuildPhase;
			buildActionMask = 2147483647;
			files = (
				23A2E9701825CA3D003275D4 /* WedmailTests.m in Sources */,
			);
			runOnlyForDeploymentPostprocessing = 0;
		};
/* End PBXSourcesBuildPhase section */

/* Begin PBXTargetDependency section */
		23A2E9681825CA3D003275D4 /* PBXTargetDependency */ = {
			isa = PBXTargetDependency;
			target = 23A2E9461825CA3D003275D4 /* Wedmail */;
			targetProxy = 23A2E9671825CA3D003275D4 /* PBXContainerItemProxy */;
		};
/* End PBXTargetDependency section */

/* Begin PBXVariantGroup section */
		23A2E9531825CA3D003275D4 /* InfoPlist.strings */ = {
			isa = PBXVariantGroup;
			children = (
				23A2E9541825CA3D003275D4 /* en */,
			);
			name = InfoPlist.strings;
			sourceTree = "<group>";
		};
		23A2E96C1825CA3D003275D4 /* InfoPlist.strings */ = {
			isa = PBXVariantGroup;
			children = (
				23A2E96D1825CA3D003275D4 /* en */,
			);
			name = InfoPlist.strings;
			sourceTree = "<group>";
		};
/* End PBXVariantGroup section */

/* Begin XCBuildConfiguration section */
		23A2E9711825CA3D003275D4 /* Debug */ = {
			isa = XCBuildConfiguration;
			buildSettings = {
				ALWAYS_SEARCH_USER_PATHS = NO;
				ARCHS = "$(ARCHS_STANDARD_INCLUDING_64_BIT)";
				CLANG_CXX_LANGUAGE_STANDARD = "gnu++0x";
				CLANG_CXX_LIBRARY = "libc++";
				CLANG_ENABLE_MODULES = YES;
				CLANG_ENABLE_OBJC_ARC = YES;
				CLANG_WARN_BOOL_CONVERSION = YES;
				CLANG_WARN_CONSTANT_CONVERSION = YES;
				CLANG_WARN_DIRECT_OBJC_ISA_USAGE = YES_ERROR;
				CLANG_WARN_EMPTY_BODY = YES;
				CLANG_WARN_ENUM_CONVERSION = YES;
				CLANG_WARN_INT_CONVERSION = YES;
				CLANG_WARN_OBJC_ROOT_CLASS = YES_ERROR;
				CLANG_WARN__DUPLICATE_METHOD_MATCH = YES;
				"CODE_SIGN_IDENTITY[sdk=iphoneos*]" = "iPhone Developer: Christopher Truman (XL8C53TT76)";
				COPY_PHASE_STRIP = NO;
				GCC_C_LANGUAGE_STANDARD = gnu99;
				GCC_DYNAMIC_NO_PIC = NO;
				GCC_OPTIMIZATION_LEVEL = 0;
				GCC_PREPROCESSOR_DEFINITIONS = (
					"DEBUG=1",
					"$(inherited)",
				);
				GCC_SYMBOLS_PRIVATE_EXTERN = NO;
				GCC_WARN_64_TO_32_BIT_CONVERSION = YES;
				GCC_WARN_ABOUT_RETURN_TYPE = YES_ERROR;
				GCC_WARN_UNDECLARED_SELECTOR = YES;
				GCC_WARN_UNINITIALIZED_AUTOS = YES;
				GCC_WARN_UNUSED_FUNCTION = YES;
				GCC_WARN_UNUSED_VARIABLE = YES;
				IPHONEOS_DEPLOYMENT_TARGET = 7.0;
				ONLY_ACTIVE_ARCH = YES;
				SDKROOT = iphoneos;
				TARGETED_DEVICE_FAMILY = 1;
			};
			name = Debug;
		};
		23A2E9721825CA3D003275D4 /* Release */ = {
			isa = XCBuildConfiguration;
			buildSettings = {
				ALWAYS_SEARCH_USER_PATHS = NO;
				ARCHS = "$(ARCHS_STANDARD_INCLUDING_64_BIT)";
				CLANG_CXX_LANGUAGE_STANDARD = "gnu++0x";
				CLANG_CXX_LIBRARY = "libc++";
				CLANG_ENABLE_MODULES = YES;
				CLANG_ENABLE_OBJC_ARC = YES;
				CLANG_WARN_BOOL_CONVERSION = YES;
				CLANG_WARN_CONSTANT_CONVERSION = YES;
				CLANG_WARN_DIRECT_OBJC_ISA_USAGE = YES_ERROR;
				CLANG_WARN_EMPTY_BODY = YES;
				CLANG_WARN_ENUM_CONVERSION = YES;
				CLANG_WARN_INT_CONVERSION = YES;
				CLANG_WARN_OBJC_ROOT_CLASS = YES_ERROR;
				CLANG_WARN__DUPLICATE_METHOD_MATCH = YES;
				"CODE_SIGN_IDENTITY[sdk=iphoneos*]" = "iPhone Developer: Christopher Truman (XL8C53TT76)";
				COPY_PHASE_STRIP = YES;
				ENABLE_NS_ASSERTIONS = NO;
				GCC_C_LANGUAGE_STANDARD = gnu99;
				GCC_WARN_64_TO_32_BIT_CONVERSION = YES;
				GCC_WARN_ABOUT_RETURN_TYPE = YES_ERROR;
				GCC_WARN_UNDECLARED_SELECTOR = YES;
				GCC_WARN_UNINITIALIZED_AUTOS = YES;
				GCC_WARN_UNUSED_FUNCTION = YES;
				GCC_WARN_UNUSED_VARIABLE = YES;
				IPHONEOS_DEPLOYMENT_TARGET = 7.0;
				SDKROOT = iphoneos;
				TARGETED_DEVICE_FAMILY = 1;
				VALIDATE_PRODUCT = YES;
			};
			name = Release;
		};
		23A2E9741825CA3D003275D4 /* Debug */ = {
			isa = XCBuildConfiguration;
			baseConfigurationReference = 0C8F5D11F6874BA0ABA13B45 /* Pods.xcconfig */;
			buildSettings = {
				ASSETCATALOG_COMPILER_APPICON_NAME = "AppIcon-1";
				ASSETCATALOG_COMPILER_LAUNCHIMAGE_NAME = LaunchImage;
				GCC_PRECOMPILE_PREFIX_HEADER = YES;
				GCC_PREFIX_HEADER = "Wedmail/Wedmail-Prefix.pch";
				INFOPLIST_FILE = "Wedmail/Wedmail-Info.plist";
				IPHONEOS_DEPLOYMENT_TARGET = 7.0;
				PRODUCT_NAME = "$(TARGET_NAME)";
				TARGETED_DEVICE_FAMILY = "1,2";
				WRAPPER_EXTENSION = app;
			};
			name = Debug;
		};
		23A2E9751825CA3D003275D4 /* Release */ = {
			isa = XCBuildConfiguration;
			baseConfigurationReference = 0C8F5D11F6874BA0ABA13B45 /* Pods.xcconfig */;
			buildSettings = {
				ASSETCATALOG_COMPILER_APPICON_NAME = "AppIcon-1";
				ASSETCATALOG_COMPILER_LAUNCHIMAGE_NAME = LaunchImage;
				GCC_PRECOMPILE_PREFIX_HEADER = YES;
				GCC_PREFIX_HEADER = "Wedmail/Wedmail-Prefix.pch";
				INFOPLIST_FILE = "Wedmail/Wedmail-Info.plist";
				IPHONEOS_DEPLOYMENT_TARGET = 7.0;
				PRODUCT_NAME = "$(TARGET_NAME)";
				TARGETED_DEVICE_FAMILY = "1,2";
				WRAPPER_EXTENSION = app;
			};
			name = Release;
		};
		23A2E9771825CA3D003275D4 /* Debug */ = {
			isa = XCBuildConfiguration;
			buildSettings = {
				ARCHS = "$(ARCHS_STANDARD_INCLUDING_64_BIT)";
				BUNDLE_LOADER = "$(BUILT_PRODUCTS_DIR)/Wedmail.app/Wedmail";
				FRAMEWORK_SEARCH_PATHS = (
					"$(SDKROOT)/Developer/Library/Frameworks",
					"$(inherited)",
					"$(DEVELOPER_FRAMEWORKS_DIR)",
				);
				GCC_PRECOMPILE_PREFIX_HEADER = YES;
				GCC_PREFIX_HEADER = "Wedmail/Wedmail-Prefix.pch";
				GCC_PREPROCESSOR_DEFINITIONS = (
					"DEBUG=1",
					"$(inherited)",
				);
				INFOPLIST_FILE = "WedmailTests/WedmailTests-Info.plist";
				PRODUCT_NAME = "$(TARGET_NAME)";
				TEST_HOST = "$(BUNDLE_LOADER)";
				WRAPPER_EXTENSION = xctest;
			};
			name = Debug;
		};
		23A2E9781825CA3D003275D4 /* Release */ = {
			isa = XCBuildConfiguration;
			buildSettings = {
				ARCHS = "$(ARCHS_STANDARD_INCLUDING_64_BIT)";
				BUNDLE_LOADER = "$(BUILT_PRODUCTS_DIR)/Wedmail.app/Wedmail";
				FRAMEWORK_SEARCH_PATHS = (
					"$(SDKROOT)/Developer/Library/Frameworks",
					"$(inherited)",
					"$(DEVELOPER_FRAMEWORKS_DIR)",
				);
				GCC_PRECOMPILE_PREFIX_HEADER = YES;
				GCC_PREFIX_HEADER = "Wedmail/Wedmail-Prefix.pch";
				INFOPLIST_FILE = "WedmailTests/WedmailTests-Info.plist";
				PRODUCT_NAME = "$(TARGET_NAME)";
				TEST_HOST = "$(BUNDLE_LOADER)";
				WRAPPER_EXTENSION = xctest;
			};
			name = Release;
		};
/* End XCBuildConfiguration section */

/* Begin XCConfigurationList section */
		23A2E9421825CA3D003275D4 /* Build configuration list for PBXProject "Wedmail" */ = {
			isa = XCConfigurationList;
			buildConfigurations = (
				23A2E9711825CA3D003275D4 /* Debug */,
				23A2E9721825CA3D003275D4 /* Release */,
			);
			defaultConfigurationIsVisible = 0;
			defaultConfigurationName = Release;
		};
		23A2E9731825CA3D003275D4 /* Build configuration list for PBXNativeTarget "Wedmail" */ = {
			isa = XCConfigurationList;
			buildConfigurations = (
				23A2E9741825CA3D003275D4 /* Debug */,
				23A2E9751825CA3D003275D4 /* Release */,
			);
			defaultConfigurationIsVisible = 0;
			defaultConfigurationName = Release;
		};
		23A2E9761825CA3D003275D4 /* Build configuration list for PBXNativeTarget "WedmailTests" */ = {
			isa = XCConfigurationList;
			buildConfigurations = (
				23A2E9771825CA3D003275D4 /* Debug */,
				23A2E9781825CA3D003275D4 /* Release */,
			);
			defaultConfigurationIsVisible = 0;
			defaultConfigurationName = Release;
		};
/* End XCConfigurationList section */
	};
	rootObject = 23A2E93F1825CA3D003275D4 /* Project object */;
}
